# This file is automatically @generated by Cargo.
# It is not intended for manual editing.
[[package]]
name = "autocfg"
version = "0.1.4"
source = "registry+https://github.com/rust-lang/crates.io-index"

[[package]]
name = "byteorder"
version = "1.3.2"
source = "registry+https://github.com/rust-lang/crates.io-index"

[[package]]
name = "c2-chacha"
version = "0.2.2"
source = "registry+https://github.com/rust-lang/crates.io-index"
dependencies = [
 "lazy_static 1.3.0 (registry+https://github.com/rust-lang/crates.io-index)",
 "ppv-lite86 0.2.5 (registry+https://github.com/rust-lang/crates.io-index)",
]

[[package]]
name = "cc"
version = "1.0.37"
source = "registry+https://github.com/rust-lang/crates.io-index"

[[package]]
name = "embedded-graphics"
version = "0.5.2-alpha.0"
source = "git+https://github.com/mmou/embedded-graphics.git?branch=fix_bmp_stride#109487f30ba70a8617b3ae5aa5d56d312a6d88e0"
dependencies = [
 "byteorder 1.3.2 (registry+https://github.com/rust-lang/crates.io-index)",
 "tinybmp 0.1.0 (registry+https://github.com/rust-lang/crates.io-index)",
]

[[package]]
name = "getrandom"
version = "0.1.6"
source = "registry+https://github.com/rust-lang/crates.io-index"
dependencies = [
 "lazy_static 1.3.0 (registry+https://github.com/rust-lang/crates.io-index)",
 "libc 0.2.60 (registry+https://github.com/rust-lang/crates.io-index)",
]

[[package]]
name = "interpolation"
version = "0.2.0"
source = "registry+https://github.com/rust-lang/crates.io-index"

[[package]]
name = "lazy_static"
version = "1.3.0"
source = "registry+https://github.com/rust-lang/crates.io-index"
dependencies = [
 "spin 0.5.0 (registry+https://github.com/rust-lang/crates.io-index)",
]

[[package]]
name = "libc"
version = "0.2.60"
source = "registry+https://github.com/rust-lang/crates.io-index"

[[package]]
name = "marquee"
version = "0.1.0"
dependencies = [
 "embedded-graphics 0.5.2-alpha.0 (git+https://github.com/mmou/embedded-graphics.git?branch=fix_bmp_stride)",
 "piston2d-graphics 0.32.0 (registry+https://github.com/rust-lang/crates.io-index)",
 "rand 0.7.0 (registry+https://github.com/rust-lang/crates.io-index)",
 "rosc 0.1.6 (registry+https://github.com/rust-lang/crates.io-index)",
 "rpi-led-matrix 0.1.1 (git+https://github.com/mmou/rust-rpi-rgb-led-matrix.git)",
]

[[package]]
name = "memchr"
version = "2.2.1"
source = "registry+https://github.com/rust-lang/crates.io-index"

[[package]]
name = "nom"
version = "4.2.3"
source = "registry+https://github.com/rust-lang/crates.io-index"
dependencies = [
 "memchr 2.2.1 (registry+https://github.com/rust-lang/crates.io-index)",
 "version_check 0.1.5 (registry+https://github.com/rust-lang/crates.io-index)",
]

[[package]]
name = "piston-float"
version = "1.0.0"
source = "registry+https://github.com/rust-lang/crates.io-index"

[[package]]
name = "piston-texture"
version = "0.6.0"
source = "registry+https://github.com/rust-lang/crates.io-index"

[[package]]
name = "piston-viewport"
version = "1.0.0"
source = "registry+https://github.com/rust-lang/crates.io-index"
dependencies = [
 "piston-float 1.0.0 (registry+https://github.com/rust-lang/crates.io-index)",
]

[[package]]
name = "piston2d-graphics"
version = "0.32.0"
source = "registry+https://github.com/rust-lang/crates.io-index"
dependencies = [
 "interpolation 0.2.0 (registry+https://github.com/rust-lang/crates.io-index)",
 "piston-texture 0.6.0 (registry+https://github.com/rust-lang/crates.io-index)",
 "piston-viewport 1.0.0 (registry+https://github.com/rust-lang/crates.io-index)",
 "read_color 1.0.0 (registry+https://github.com/rust-lang/crates.io-index)",
 "vecmath 1.0.0 (registry+https://github.com/rust-lang/crates.io-index)",
]

[[package]]
name = "ppv-lite86"
version = "0.2.5"
source = "registry+https://github.com/rust-lang/crates.io-index"

[[package]]
name = "rand"
version = "0.7.0"
source = "registry+https://github.com/rust-lang/crates.io-index"
dependencies = [
 "getrandom 0.1.6 (registry+https://github.com/rust-lang/crates.io-index)",
 "libc 0.2.60 (registry+https://github.com/rust-lang/crates.io-index)",
 "rand_chacha 0.2.0 (registry+https://github.com/rust-lang/crates.io-index)",
 "rand_core 0.5.0 (registry+https://github.com/rust-lang/crates.io-index)",
 "rand_hc 0.2.0 (registry+https://github.com/rust-lang/crates.io-index)",
]

[[package]]
name = "rand_chacha"
version = "0.2.0"
source = "registry+https://github.com/rust-lang/crates.io-index"
dependencies = [
 "autocfg 0.1.4 (registry+https://github.com/rust-lang/crates.io-index)",
 "c2-chacha 0.2.2 (registry+https://github.com/rust-lang/crates.io-index)",
 "rand_core 0.5.0 (registry+https://github.com/rust-lang/crates.io-index)",
]

[[package]]
name = "rand_core"
version = "0.5.0"
source = "registry+https://github.com/rust-lang/crates.io-index"
dependencies = [
 "getrandom 0.1.6 (registry+https://github.com/rust-lang/crates.io-index)",
]

[[package]]
name = "rand_hc"
version = "0.2.0"
source = "registry+https://github.com/rust-lang/crates.io-index"
dependencies = [
 "rand_core 0.5.0 (registry+https://github.com/rust-lang/crates.io-index)",
]

[[package]]
name = "read_color"
version = "1.0.0"
source = "registry+https://github.com/rust-lang/crates.io-index"

[[package]]
name = "rosc"
version = "0.1.6"
source = "registry+https://github.com/rust-lang/crates.io-index"
dependencies = [
 "byteorder 1.3.2 (registry+https://github.com/rust-lang/crates.io-index)",
]

[[package]]
name = "rpi-led-matrix"
version = "0.1.1"
source = "git+https://github.com/mmou/rust-rpi-rgb-led-matrix.git#a336f3fb41fb0a135f2c2ac912a7716a047098dd"
dependencies = [
 "cc 1.0.37 (registry+https://github.com/rust-lang/crates.io-index)",
 "embedded-graphics 0.5.2-alpha.0 (git+https://github.com/mmou/embedded-graphics.git?branch=fix_bmp_stride)",
 "libc 0.2.60 (registry+https://github.com/rust-lang/crates.io-index)",
]

[[package]]
name = "spin"
version = "0.5.0"
source = "registry+https://github.com/rust-lang/crates.io-index"

[[package]]
name = "tinybmp"
version = "0.1.0"
source = "registry+https://github.com/rust-lang/crates.io-index"
dependencies = [
 "nom 4.2.3 (registry+https://github.com/rust-lang/crates.io-index)",
]

[[package]]
name = "vecmath"
version = "1.0.0"
source = "registry+https://github.com/rust-lang/crates.io-index"
dependencies = [
 "piston-float 1.0.0 (registry+https://github.com/rust-lang/crates.io-index)",
]

[[package]]
name = "version_check"
version = "0.1.5"
source = "registry+https://github.com/rust-lang/crates.io-index"

[metadata]
"checksum autocfg 0.1.4 (registry+https://github.com/rust-lang/crates.io-index)" = "0e49efa51329a5fd37e7c79db4621af617cd4e3e5bc224939808d076077077bf"
"checksum byteorder 1.3.2 (registry+https://github.com/rust-lang/crates.io-index)" = "a7c3dd8985a7111efc5c80b44e23ecdd8c007de8ade3b96595387e812b957cf5"
"checksum c2-chacha 0.2.2 (registry+https://github.com/rust-lang/crates.io-index)" = "7d64d04786e0f528460fc884753cf8dddcc466be308f6026f8e355c41a0e4101"
"checksum cc 1.0.37 (registry+https://github.com/rust-lang/crates.io-index)" = "39f75544d7bbaf57560d2168f28fd649ff9c76153874db88bdbdfd839b1a7e7d"
"checksum embedded-graphics 0.5.2-alpha.0 (git+https://github.com/mmou/embedded-graphics.git?branch=fix_bmp_stride)" = "<none>"
"checksum getrandom 0.1.6 (registry+https://github.com/rust-lang/crates.io-index)" = "e65cce4e5084b14874c4e7097f38cab54f47ee554f9194673456ea379dcc4c55"
"checksum interpolation 0.2.0 (registry+https://github.com/rust-lang/crates.io-index)" = "d3b7357d2bbc5ee92f8e899ab645233e43d21407573cceb37fed8bc3dede2c02"
"checksum lazy_static 1.3.0 (registry+https://github.com/rust-lang/crates.io-index)" = "bc5729f27f159ddd61f4df6228e827e86643d4d3e7c32183cb30a1c08f604a14"
"checksum libc 0.2.60 (registry+https://github.com/rust-lang/crates.io-index)" = "d44e80633f007889c7eff624b709ab43c92d708caad982295768a7b13ca3b5eb"
"checksum memchr 2.2.1 (registry+https://github.com/rust-lang/crates.io-index)" = "88579771288728879b57485cc7d6b07d648c9f0141eb955f8ab7f9d45394468e"
"checksum nom 4.2.3 (registry+https://github.com/rust-lang/crates.io-index)" = "2ad2a91a8e869eeb30b9cb3119ae87773a8f4ae617f41b1eb9c154b2905f7bd6"
"checksum piston-float 1.0.0 (registry+https://github.com/rust-lang/crates.io-index)" = "f900be47e312e126cc71d35548e8e31edd3901b92ab82d1c4c4757e6b5526564"
"checksum piston-texture 0.6.0 (registry+https://github.com/rust-lang/crates.io-index)" = "3649b5f9d1ba48d95207976118e9e2ed473c1de36f6f79cc1b7ed5b75b655b61"
"checksum piston-viewport 1.0.0 (registry+https://github.com/rust-lang/crates.io-index)" = "01abb19b781051290d0837b9294c26d419cc4156907c21ffe86705e219446798"
"checksum piston2d-graphics 0.32.0 (registry+https://github.com/rust-lang/crates.io-index)" = "8076479779b8191e87331df71426ebcdf7c21b3017cb6d8cb5dd49f0231c0114"
"checksum ppv-lite86 0.2.5 (registry+https://github.com/rust-lang/crates.io-index)" = "e3cbf9f658cdb5000fcf6f362b8ea2ba154b9f146a61c7a20d647034c6b6561b"
"checksum rand 0.7.0 (registry+https://github.com/rust-lang/crates.io-index)" = "d47eab0e83d9693d40f825f86948aa16eff6750ead4bdffc4ab95b8b3a7f052c"
"checksum rand_chacha 0.2.0 (registry+https://github.com/rust-lang/crates.io-index)" = "e193067942ef6f485a349a113329140d0ab9e2168ce92274499bb0e9a4190d9d"
"checksum rand_core 0.5.0 (registry+https://github.com/rust-lang/crates.io-index)" = "615e683324e75af5d43d8f7a39ffe3ee4a9dc42c5c701167a71dc59c3a493aca"
"checksum rand_hc 0.2.0 (registry+https://github.com/rust-lang/crates.io-index)" = "ca3129af7b92a17112d59ad498c6f81eaf463253766b90396d39ea7a39d6613c"
"checksum read_color 1.0.0 (registry+https://github.com/rust-lang/crates.io-index)" = "9f4c8858baa4ad3c8bcc156ae91a0ffe22b76a3975c40c49b4f04c15c6bce0da"
"checksum rosc 0.1.6 (registry+https://github.com/rust-lang/crates.io-index)" = "39332ba44e0804497d958f692a3fbb7dd993cc996070189f40577de87ff1b8d9"
"checksum rpi-led-matrix 0.1.1 (git+https://github.com/mmou/rust-rpi-rgb-led-matrix.git)" = "<none>"
"checksum spin 0.5.0 (registry+https://github.com/rust-lang/crates.io-index)" = "44363f6f51401c34e7be73db0db371c04705d35efbe9f7d6082e03a921a32c55"
"checksum tinybmp 0.1.0 (registry+https://github.com/rust-lang/crates.io-index)" = "503e3fde7e36b1aa2345af8a3af0086c9b01d9db07b24f3fb0aab07316b9fa10"
"checksum vecmath 1.0.0 (registry+https://github.com/rust-lang/crates.io-index)" = "956ae1e0d85bca567dee1dcf87fb1ca2e792792f66f87dced8381f99cd91156a"
"checksum version_check 0.1.5 (registry+https://github.com/rust-lang/crates.io-index)" = "914b1a6776c4c929a602fafd8bc742e06365d4bcbe48c30f9cca5824f70dc9dd"
